# THIS IS AN AUTOGENERATED FILE. DO NOT EDIT THIS FILE DIRECTLY.
assets/77ecc960973800bc72474ed1798c32e9.js:
  development: 2018-06-19T13:02:03-04:00   b2f291522f093f0b3f512656f2a7c122
assets/AvenirNext-Bold.ttf:
  development: 2018-06-25T19:46:02-04:00   88da9ccecc9a384876ccf7c53eccec2d
assets/AvenirNext-Medium.ttf:
  development: 2018-06-25T19:46:01-04:00   3885c0cebfbc3e55fbe30ad45a165586
assets/AvenirNext-Regular.ttf:
  development: 2018-06-25T19:46:01-04:00   1f1c6c5055bfc41663d1d1adf4b29604
assets/Iphone_x.png:
  development: 2018-06-19T13:02:03-04:00   695558a944676e157bc62955e9ad9c92
assets/app.js.liquid:
  development: 2018-06-26T12:34:00-04:00   fec7b00edc127130df3b1e329c6c7734
assets/appstore.png:
  development: 2018-06-19T13:02:03-04:00   0cb85c52fb645d40bbedba99c400f27c
assets/black-blue.png:
  development: 2018-06-19T13:02:04-04:00   45a3bdbfebfd077cf5564e4ca9623ad2
assets/black-green.png:
  development: 2018-06-19T13:02:04-04:00   17958daeb421c3a7ff0b8ad4f3b631c2
assets/black-red.png:
  development: 2018-06-19T13:02:04-04:00   a2343757040460d17c901388cb26a861
assets/black.png:
  development: 2018-06-19T13:02:04-04:00   6fb361c1e7bd39fe9a545c6ff3a68c79
assets/blank.gif:
  development: 2018-06-19T13:02:04-04:00   325472601571f31e1bf00674c368d335
assets/blue-black.png:
  development: 2018-06-19T13:02:04-04:00   ea021b664bde66a858dc35d3ca99a9fe
assets/blue-white.png:
  development: 2018-06-19T13:02:04-04:00   1696bf763966891181386f45e7104782
assets/blue.png:
  development: 2018-06-19T13:02:04-04:00   ee97b18fe2a47480b7df1a160a635626
assets/camo.png:
  development: 2018-06-19T13:02:04-04:00   9d042c15f6b8f3b373a658878b6b7e4b
assets/charcoal-silver.png:
  development: 2018-06-19T13:02:04-04:00   fd1bd0dae4ab4277e179b46c62c799e6
assets/charcoal.png:
  development: 2018-06-19T13:02:04-04:00   bbe1e4802824bee5ed4f4e09fb113ade
assets/cloudzoom.js:
  development: 2018-06-19T13:02:05-04:00   bcd3e0c1af1cbd274069b192f35ab930
assets/dark-red.png:
  development: 2018-06-19T13:02:05-04:00   1df2ba406a80889b1135abb0b4be0328
assets/favicon.png:
  development: 2018-06-19T13:02:05-04:00   c7f7681bcb67cd394e50fc7cbcc83351
assets/flame.png:
  development: 2018-06-19T13:02:05-04:00   3c6c544726cf0f81aaac367b4b50914e
assets/gift-card.scss.liquid:
  development: 2018-06-19T13:02:05-04:00   0f053b420a95d20a6d2ac9f7bba71fc6
assets/google_play.png:
  development: 2018-06-19T13:02:05-04:00   563c53a1ab17f0492a33c6ad84148b45
assets/green-camo.png:
  development: 2018-06-19T13:02:05-04:00   675d09066db68f8f7b1a03daaf1ca024
assets/green.png:
  development: 2018-06-19T13:02:05-04:00   489edcb059e703a7acf44fde60d883ff
assets/grey-camo.png:
  development: 2018-06-19T13:02:05-04:00   dd3342eff3a2caddd5740d73b6016419
assets/gunmetal.png:
  development: 2018-06-19T13:02:05-04:00   3107de831ecf9fe7cc2dbeb2c4c6dabf
assets/hunter-green.png:
  development: 2018-06-19T13:02:05-04:00   c19b494292860c49b810bd57b41bf0d0
assets/ie.css.liquid:
  development: 2018-06-19T13:02:05-04:00   875b882a8e987611d1c1f528f8c7eed6
assets/jquery.cart.min.js:
  development: 2018-06-19T13:02:06-04:00   14b6455b559d83db52ccc2188a462deb
assets/jquery.currencies.min.js:
  development: 2018-06-19T13:02:06-04:00   5a667ef8e9c95cfba4e752373a2e6a4c
assets/lime-green.png:
  development: 2018-06-19T13:02:06-04:00   ea1baab6bfb37225038b695d3e5d519d
assets/loader.gif:
  development: 2018-06-19T13:02:06-04:00   ae8189a1eda896ee867dcd220d45eef6
assets/loader2x.gif:
  development: 2018-06-19T13:02:06-04:00   5a2947183e2989a31c9a88d69892cab2
assets/magenta.png:
  development: 2018-06-19T13:02:06-04:00   ad4602c81f19f6bb1c3314351e619338
assets/manual.png:
  development: 2018-06-19T13:02:06-04:00   19fc1a49066a98a85fbb0f3b38cf9253
assets/matte-black.png:
  development: 2018-06-19T13:02:06-04:00   d254168574fd707b015e99c5f15e5341
assets/midnight-blue.png:
  development: 2018-06-19T13:02:06-04:00   21befc473638c5b102c86033f5c033cc
assets/neon-blue.png:
  development: 2018-06-19T13:02:06-04:00   859b21ffc608c0264a0767e9b326148e
assets/neon-green.png:
  development: 2018-06-19T13:02:06-04:00   a6587a5a3f354b653b661789de011bb1
assets/neon-pink.png:
  development: 2018-06-19T13:02:06-04:00   11ebd3fba1bf500fff514e0dd384a8c4
assets/olark.js:
  development: 2018-06-19T13:02:07-04:00   49106bf7b2e13dcce55ce9ee2fb179a0
assets/ootsb.eot:
  development: 2018-06-19T13:02:07-04:00   bfcaf8a75c823304dc8060b574e09041
assets/ootsb.svg:
  development: 2018-06-19T13:02:07-04:00   34600d1fc3869f2e0556e6b790360d16
assets/ootsb.ttf:
  development: 2018-06-19T13:02:07-04:00   c59ada46f98a0827aef764f1682700da
assets/ootsb.woff:
  development: 2018-06-19T13:02:07-04:00   6f42b9001287ab18e2f5fb134ac0195c
assets/orange.png:
  development: 2018-06-19T13:02:07-04:00   b1b3648c30c0b33dbc13510d01f9f933
assets/password-page-background.jpg:
  development: 2018-06-19T13:02:07-04:00   7dd4dbe94233e457a64954cd75112db9
assets/placeholder.svg:
  development: 2018-06-19T13:02:07-04:00   6a411851f3481c054f16c35a0eb11f99
assets/powder-blue.png:
  development: 2018-06-19T13:02:07-04:00   c3cb162e0a1b57d40ee8ba80137ad850
assets/powder-green.png:
  development: 2018-06-19T13:02:07-04:00   5d0dc555232c860860a02f27ef2eb305
assets/powder-orange.png:
  development: 2018-06-19T13:02:07-04:00   5d9062bf0d3a12e15ba120bbcc7eebfc
assets/red-white.png:
  development: 2018-06-19T13:02:08-04:00   9551a5b1496961e4b6bc71125d8bd918
assets/red.png:
  development: 2018-06-19T13:02:08-04:00   51a6efe165ed5b8803d628e187c71071
assets/search.jpg:
  development: 2018-06-19T13:02:08-04:00   fd6de5401d3a484cb514b941c7fd8157
assets/search2x.jpg:
  development: 2018-06-19T13:02:08-04:00   aec2fdccc05c43ad0adaac6e853a9c65
assets/select.png:
  development: 2018-06-19T13:02:08-04:00   7c8efc136ac482b05038aac5eadfb230
assets/silver.png:
  development: 2018-06-19T13:02:08-04:00   a175deae3363436714726728ee8be3f8
assets/skrollr.ie.js:
  development: 2018-06-19T13:02:08-04:00   07c0923a26712dfaf46f27cfebfacfce
assets/sky-blue.png:
  development: 2018-06-19T13:02:08-04:00   982b367e7507d3afe329879b9307e6c2
assets/soldout.png:
  development: 2018-06-19T13:02:08-04:00   6a7697db19e17aae7568e216c2b365af
assets/styles.scss.liquid:
  development: 2018-06-27T15:11:02-04:00   b9b57289883de30589c0e8dc1f0dd096
assets/white-green.png:
  development: 2018-06-19T13:02:09-04:00   50d12e137eb802b880bc060114d73e73
assets/white-red.png:
  development: 2018-06-19T13:02:09-04:00   5065d1b0d6d3500da01df439e7f9b640
assets/white.png:
  development: 2018-06-19T13:02:09-04:00   bae0ec95aab71e9d88e7f9ce2f196547
assets/yellow.png:
  development: 2018-06-19T13:02:09-04:00   06716a2b4915578d40e756b89b91c345
assets/zendesk-embeddable.js:
  development: 2018-06-19T13:02:09-04:00   012fbf58739dc0e9aff13e0693edf9ef
config/settings_data.json:
  development: 2018-06-26T11:36:19-04:00   4453888f6f32ae07808d68955260eaf2
config/settings_schema.json:
  development: 2018-06-19T13:02:12-04:00   a04501531629311f7f708971c093cb95
layout/checkout.liquid:
  development: 2018-06-19T13:02:09-04:00   c3c0754db93c7be842ffbfb68ef11ffd
layout/theme.liquid:
  development: 2018-06-19T13:02:09-04:00   421fa07440d04c4bd4e93d4281d16798
locales/de.json:
  development: 2018-06-19T13:02:09-04:00   c8755f2c8e0a8f63d43629ba51ecb660
locales/en.default.json:
  development: 2018-06-19T13:02:09-04:00   3acaa458a146614c2dbeebad169f662d
locales/es.json:
  development: 2018-06-19T13:02:09-04:00   575551d5e2a5fede3dbe5af58c308e72
locales/fr.json:
  development: 2018-06-19T13:02:09-04:00   0dee9676bddca4dc50f09225de05f634
locales/pt-BR.json:
  development: 2018-06-19T13:02:09-04:00   32e9ffc1e7ce3726b6141a0407c74d4b
locales/pt-PT.json:
  development: 2018-06-19T13:02:09-04:00   b3cb95849010f31e9eba653b929c5209
locales/zh-CN.json:
  development: 2018-06-19T13:02:09-04:00   41673427b90397fbaf264a9c106ac5fc
sections/article-template.liquid:
  development: 2018-06-19T13:02:01-04:00   44750dd65eb83bf208989d86cb2b4eb3
sections/blog-template.liquid:
  development: 2018-06-19T13:02:01-04:00   5015203cc1b80497039bafc38c098f4c
sections/cart-template.liquid:
  development: 2018-06-19T13:02:01-04:00   a992e8139a6c2eb2d67ff264f5ea9cc7
sections/collection-headerimage.liquid:
  development: 2018-06-20T14:54:42-04:00   d9bc4e731cef9e03116a83cbbdd2da82
sections/collection-list.liquid:
  development: 2018-06-19T13:02:01-04:00   d15adcb047456a3ce3e1a39ea59e12ee
sections/collection-sub-collections-template.liquid:
  development: 2018-06-19T13:02:01-04:00   1399b21d061c2ba054bfecd907fd358e
sections/collection-template.liquid:
  development: 2018-06-19T15:24:34-04:00   2406d6ea58177840856334fc6ac9cf92
sections/contact-form.liquid:
  development: 2018-06-19T13:02:01-04:00   7830c78ac53b5af131bf3b5dcc4bc7e5
sections/contact-template.liquid:
  development: 2018-06-19T13:02:01-04:00   26084e68159d8012a48cc71ff999c886
sections/content-page.liquid:
  development: 2018-06-19T13:02:01-04:00   b74cc03907a3e1837e46c609d24c59d9
sections/featured-blog.liquid:
  development: 2018-06-19T13:02:01-04:00   597f49c2172c41db22992e5f97a07d71
sections/featured-collection.liquid:
  development: 2018-06-19T13:02:01-04:00   740be16ec79749e645aa93e5fe48b7af
sections/featured-products.liquid:
  development: 2018-06-19T13:02:01-04:00   443aab539dcd8491fd8ff81e8b60e9db
sections/featured-promotions.liquid:
  development: 2018-06-19T13:02:02-04:00   8d8a30622be53cf40631ad566a26063c
sections/featured-text.liquid:
  development: 2018-06-19T13:02:02-04:00   ff8fa58da73b341b2845ecbb749f78c0
sections/footer.liquid:
  development: 2018-06-19T13:02:02-04:00   8f220a8a484e149b0b26ea301543533d
sections/gallery.liquid:
  development: 2018-06-19T13:02:02-04:00   04e3f9922b92c8a623174521e673e09b
sections/header.liquid:
  development: 2018-06-19T13:02:02-04:00   c5534f1db462975234b4eb686916ad20
sections/image-text.liquid:
  development: 2018-06-19T13:02:02-04:00   e9925e1ad990b5d4e1f9bb6891f65849
sections/image-with-text-overlay-section.liquid:
  development: 2018-06-19T13:02:02-04:00   74eee5c466ceb5687e0b0c120c8e9893
sections/list-collections-template.liquid:
  development: 2018-06-19T13:02:02-04:00   48ad8e3c80e86868f4b62460aac96823
sections/logo-bar.liquid:
  development: 2018-06-19T13:02:02-04:00   8d3878c487d9b7252484b3180c25cc32
sections/page-banner-template.liquid:
  development: 2018-06-19T13:02:02-04:00   439d1fb841ff46f9005a8cbf7beea1a6
sections/page-details-template.liquid:
  development: 2018-06-19T13:02:02-04:00   9d2a8b4f4c05f3538d611a483541716d
sections/page-sidebar-template.liquid:
  development: 2018-06-19T13:02:02-04:00   223e0cecd7a3c3c0aeb390a9a8dea8e4
sections/product-description-bottom-template.liquid:
  development: 2018-06-19T13:02:02-04:00   9f345e8625f4f623c215378043f82502
sections/product-details-template.liquid:
  development: 2018-06-19T13:02:02-04:00   4e22e4ff9a3808eb88aa3ee9eefd51c3
sections/product-new-g1.liquid:
  development: 2018-06-26T11:59:21-04:00   4171da97b101c92cf48950cb18a67f50
sections/product-new-template.liquid:
  development: 2018-06-19T13:02:02-04:00   231762cff4792596e38008055b92363d
sections/product-template-no-add-to-cart.liquid:
  development: 2018-06-19T13:02:03-04:00   a5a9416159a411e870a2581d83452082
sections/product-template.liquid:
  development: 2018-06-20T21:19:38-04:00   ad80ed546ebc9521f6070067d6651662
sections/search-template.liquid:
  development: 2018-06-19T13:02:03-04:00   2c0947d2074cd54b5b26c6308266aada
sections/slideshow.liquid:
  development: 2018-06-19T13:02:03-04:00   1ec2a1fb029e4b4d988be83dc6a58172
sections/social-feeds.liquid:
  development: 2018-06-19T13:02:03-04:00   3ae6a299d598c3583119d499a2514166
sections/testimonial.liquid:
  development: 2018-06-19T13:02:03-04:00   a286cc44e2e12f61f010bd4b0ecc0bc4
sections/video-home-new.liquid:
  development: 2018-06-27T15:22:48-04:00   b8d85bbcea20511a17fee6b7201d4234
sections/video.liquid:
  development: 2018-06-26T11:23:20-04:00   82fd09b280f1ec5a7cf31c3bc80117f7
snippets/blog-sidebar.liquid:
  development: 2018-06-19T13:02:09-04:00   4619e6500fe48fdba35c540508405373
snippets/cart-shipping-calculator.liquid:
  development: 2018-06-19T13:02:09-04:00   225a900dcedc596a170a816f2d13ab7b
snippets/collection-loop.liquid:
  development: 2018-06-19T13:02:10-04:00   a56daa67bacdbb30a8e495712b3e891b
snippets/collection-swatch.liquid:
  development: 2018-06-19T13:02:10-04:00   e6dc615687b03a8dbf4dbeb2a665ef1a
snippets/currencies-switcher.liquid:
  development: 2018-06-19T13:02:10-04:00   a421123ab88e2257676698e928c5ec96
snippets/currencies.liquid:
  development: 2018-06-19T13:02:10-04:00   fb1467798447cfc9e70c01b22c2d369b
snippets/metafield-loop.liquid:
  development: 2018-06-24T21:45:56-04:00   edbe22f44e2466e6118c5f5f65dea6ae
snippets/newsletter-popup.liquid:
  development: 2018-06-19T13:02:10-04:00   b62f85b5c938e13a627c50a72bb5f098
snippets/newsletter.liquid:
  development: 2018-06-19T13:02:10-04:00   81e3d750baf2795c1e8974c15d537f35
snippets/page-multi-column.liquid:
  development: 2018-06-19T13:02:10-04:00   38d2921aab7365802beefae5b9e526d6
snippets/pagination.liquid:
  development: 2018-06-19T13:02:10-04:00   75826d27e3a4aff9ef8ebe3570d7c882
snippets/product-breadcrumb.liquid:
  development: 2018-06-19T13:02:10-04:00   e464411fb64b4ee3849b8c19e149b44b
snippets/product-form-no-add-to-cart.liquid:
  development: 2018-06-19T13:02:10-04:00   dfdf8623ac7c6863a5c9597d40424b52
snippets/product-form.liquid:
  development: 2018-06-19T13:02:10-04:00   073377c6f00525429843124138aa8b04
snippets/product-images.liquid:
  development: 2018-06-22T14:17:10-04:00   7e0b172bbd3d7747284f3c0b4744907d
snippets/product-loop.liquid:
  development: 2018-06-19T13:02:10-04:00   02456c290d36e04dd8b97815939d558c
snippets/product-notify-me.liquid:
  development: 2018-06-19T13:02:10-04:00   739e86b36c0e95b591dbb99969cf1031
snippets/product-swatch.liquid:
  development: 2018-06-19T13:02:10-04:00   4599394b11f5be2f8b4647e2ef999f76
snippets/product-thumbnail.liquid:
  development: 2018-06-19T13:02:10-04:00   a979f36d3449ed875ee545f9c8eac8ac
snippets/sidebar.liquid:
  development: 2018-06-19T13:02:10-04:00   ca60c088a855f667276f1973e7fa4c29
snippets/size-chart-popup.liquid:
  development: 2018-06-19T13:02:10-04:00   616b375581d6029eeacd93402a776ef4
snippets/social-icons.liquid:
  development: 2018-06-19T13:02:10-04:00   c7cb0ba12d45228b0164aab7263c8ab1
snippets/social-meta-info.liquid:
  development: 2018-06-19T13:02:10-04:00   5ca99bba81dd85bff6dce4159ba49106
templates/404.liquid:
  development: 2018-06-19T13:02:10-04:00   5040934d0aa5b24027eb7ff635066789
templates/article.liquid:
  development: 2018-06-19T13:02:11-04:00   5daa05ec94a09e61c83de1fdda71d460
templates/blog.liquid:
  development: 2018-06-19T13:02:11-04:00   2d9763b480fe6879080163b1e0e33e54
templates/cart.liquid:
  development: 2018-06-19T13:02:11-04:00   bba3c715f8c51f0520b3bd1a49ca90dc
templates/collection.headerimage.liquid:
  development: 2018-06-19T13:02:11-04:00   93965af0d9dff8f670a341f560162f67
templates/collection.liquid:
  development: 2018-06-19T13:02:11-04:00   5db0256874fca1cc72a6f068888fe095
templates/collection.sub-collections.liquid:
  development: 2018-06-19T13:02:11-04:00   f1a77a45fb9f72ebd76d90b7e648770d
templates/customers/account.liquid:
  development: 2018-06-19T13:02:11-04:00   1ef545a04659cc5db1a6f7d27ba66f1d
templates/customers/activate_account.liquid:
  development: 2018-06-19T13:02:11-04:00   63579e0acf06a1645e760f01b508bc7a
templates/customers/addresses.liquid:
  development: 2018-06-19T13:02:11-04:00   c6f4c646cb8087161f827bd68b612487
templates/customers/login.liquid:
  development: 2018-06-19T13:02:11-04:00   4c29025a69aaf9338d43f7124efe0b5e
templates/customers/order.liquid:
  development: 2018-06-19T13:02:11-04:00   7685510b988fb269c079e8642f5f2247
templates/customers/register.liquid:
  development: 2018-06-19T13:02:11-04:00   8788f89267b98acc41e358d9ed13b939
templates/customers/reset_password.liquid:
  development: 2018-06-19T13:02:11-04:00   54827de6a39796029f090370a5d83c2a
templates/gift_card.liquid:
  development: 2018-06-19T13:02:11-04:00   46aadc768db240195955e924e253b246
templates/index.liquid:
  development: 2018-06-19T13:02:11-04:00   f928d6eada4f0a3d891309421f31f99f
templates/list-collections.liquid:
  development: 2018-06-19T13:02:11-04:00   6c951a94c4d7b8b9e36c0e655df45ed5
templates/page.banner.liquid:
  development: 2018-06-19T13:02:11-04:00   b06daadf4ee3030ccbdd06accc465761
templates/page.contact.liquid:
  development: 2018-06-19T13:02:11-04:00   312edd0abff78a45c4c52e533350c0c7
templates/page.details.liquid:
  development: 2018-06-19T13:02:11-04:00   b76442952ffb97be2cd607b4aa41c1d9
templates/page.gallery.liquid:
  development: 2018-06-19T13:02:11-04:00   097b35cc6d9ed432a15408ef149d08e5
templates/page.liquid:
  development: 2018-06-19T13:02:11-04:00   f5176e908d4cdf8c3a1ce3082613a12d
templates/page.manuals.liquid:
  development: 2018-06-19T13:02:12-04:00   894db8f57381f9cef247e97d6b7afd6f
templates/page.multi-column.liquid:
  development: 2018-06-19T13:02:12-04:00   391ece5c4a4509e5d8308d8fcb299fb7
templates/page.narrow.liquid:
  development: 2018-06-19T13:02:12-04:00   8988e42bd82c2e848decd678b221e7be
templates/page.no-title.liquid:
  development: 2018-06-19T13:02:12-04:00   a81eea23d593e4da9e6e7ff031de1ca6
templates/page.sidebar.liquid:
  development: 2018-06-19T13:02:12-04:00   a6e66bf06484751c1d9abfdd3dd1a775
templates/page.wide.liquid:
  development: 2018-06-19T13:02:12-04:00   6f9608f1a37098c52055726c829b1615
templates/password.liquid:
  development: 2018-06-19T13:02:12-04:00   bf089260d405561c01b595459b949ee9
templates/product.description-bottom.liquid:
  development: 2018-06-19T13:02:12-04:00   6eaa0878ae51a9846af4f9b6a812a1a4
templates/product.details.liquid:
  development: 2018-06-19T13:02:12-04:00   a0ce8c619b7804015ddf7d062b6ab8a2
templates/product.liquid:
  development: 2018-06-19T13:02:12-04:00   7a6baccf94cff7809eba07c74974cc11
templates/product.new-g1-products.liquid:
  development: 2018-06-20T20:35:47-04:00   4de55047592e30e2a22e65a60e436db2
templates/product.new.liquid:
  development: 2018-06-19T13:02:12-04:00   964191376e6747396ec29ca88378e1df
templates/product.no.add.to.cart.liquid:
  development: 2018-06-19T13:02:12-04:00   3279651c58efaffd3779e9c7df47dbcb
templates/search.liquid:
  development: 2018-06-19T13:02:12-04:00   d8bfdd344b4a35a7ba9c6efc1c870203
